
Microsoft Visual Studio Solution File, Format Version 12.00
# Visual Studio 15
VisualStudioVersion = 15.0.28307.421
MinimumVisualStudioVersion = 10.0.40219.1
Project("{FAE04EC0-301F-11D3-BF4B-00C04F79EFBC}") = "WebApplication1", "WebApplication1\WebApplication1.csproj", "{26100EE9-6224-4A43-A6BD-C363005A0480}"
EndProject
Global
	GlobalSection(SolutionConfigurationPlatforms) = preSolution
		Debug|Any CPU = Debug|Any CPU
		Release|Any CPU = Release|Any CPU
	EndGlobalSection
	GlobalSection(ProjectConfigurationPlatforms) = postSolution
		{26100EE9-6224-4A43-A6BD-C363005A0480}.Debug|Any CPU.ActiveCfg = Debug|Any CPU
		{26100EE9-6224-4A43-A6BD-C363005A0480}.Debug|Any CPU.Build.0 = Debug|Any CPU
		{26100EE9-6224-4A43-A6BD-C363005A0480}.Release|Any CPU.ActiveCfg = Release|Any CPU
		{26100EE9-6224-4A43-A6BD-C363005A0480}.Release|Any CPU.Build.0 = Release|Any CPU
	EndGlobalSection
	GlobalSection(SolutionProperties) = preSolution
		HideSolutionNode = FALSE
	EndGlobalSection
	GlobalSection(ExtensibilityGlobals) = postSolution
		SolutionGuid = {825792F4-F15E-4359-83FA-1E53AB2BB77D}
	EndGlobalSection
EndGlobal
